
Microsoft Visual Studio Solution File, Format Version 12.00
# Visual Studio 15
VisualStudioVersion = 15.0.28307.136
MinimumVisualStudioVersion = 10.0.40219.1
Project("{8BC9CEB8-8B4A-11D0-8D11-00A0C91BC942}") = "Cuda", "Cuda.vcxproj", "{258F0BA4-40B7-4162-91BF-65A72453445C}"
EndProject
Global
	GlobalSection(SolutionConfigurationPlatforms) = preSolution
		Debug|x64 = Debug|x64
		Release|x64 = Release|x64
	EndGlobalSection
	GlobalSection(ProjectConfigurationPlatforms) = postSolution
		{258F0BA4-40B7-4162-91BF-65A72453445C}.Debug|x64.ActiveCfg = Debug|x64
		{258F0BA4-40B7-4162-91BF-65A72453445C}.Debug|x64.Build.0 = Debug|x64
		{258F0BA4-40B7-4162-91BF-65A72453445C}.Release|x64.ActiveCfg = Release|x64
		{258F0BA4-40B7-4162-91BF-65A72453445C}.Release|x64.Build.0 = Release|x64
	EndGlobalSection
	GlobalSection(SolutionProperties) = preSolution
		HideSolutionNode = FALSE
	EndGlobalSection
	GlobalSection(ExtensibilityGlobals) = postSolution
		SolutionGuid = {5E442A5F-241C-47CA-B399-E545C830FBFC}
	EndGlobalSection
EndGlobal
